
Microsoft Visual Studio Solution File, Format Version 12.00
# Visual Studio Version 17
VisualStudioVersion = 17.11.35219.272
MinimumVisualStudioVersion = 10.0.40219.1
Project("{F184B08F-C81C-45F6-A57F-5ABD9991F28F}") = "HotelManagementSystem", "HotelManagementSystem.vbproj", "{D317103E-8CD4-4147-8ADE-91DAD92FA2FA}"
EndProject
Global
	GlobalSection(SolutionConfigurationPlatforms) = preSolution
		Debug|Any CPU = Debug|Any CPU
		Release|Any CPU = Release|Any CPU
	EndGlobalSection
	GlobalSection(ProjectConfigurationPlatforms) = postSolution
		{D317103E-8CD4-4147-8ADE-91DAD92FA2FA}.Debug|Any CPU.ActiveCfg = Debug|Any CPU
		{D317103E-8CD4-4147-8ADE-91DAD92FA2FA}.Debug|Any CPU.Build.0 = Debug|Any CPU
		{D317103E-8CD4-4147-8ADE-91DAD92FA2FA}.Release|Any CPU.ActiveCfg = Release|Any CPU
		{D317103E-8CD4-4147-8ADE-91DAD92FA2FA}.Release|Any CPU.Build.0 = Release|Any CPU
	EndGlobalSection
	GlobalSection(SolutionProperties) = preSolution
		HideSolutionNode = FALSE
	EndGlobalSection
	GlobalSection(ExtensibilityGlobals) = postSolution
		SolutionGuid = {E4D4B021-47A1-4EF9-8F81-72676026571A}
	EndGlobalSection
EndGlobal
